
Microsoft Visual Studio Solution File, Format Version 12.00
# Visual Studio 15
VisualStudioVersion = 15.0.27428.2015
MinimumVisualStudioVersion = 10.0.40219.1
Project("{FAE04EC0-301F-11D3-BF4B-00C04F79EFBC}") = "PublicBaseClassProj", "PublicBaseClassProj\PublicBaseClassProj.csproj", "{E8F48975-79D1-450A-8C90-16A8EBE80DB2}"
EndProject
Project("{2150E333-8FDC-42A3-9474-1A3956D46DE8}") = "PublicBaseClass", "PublicBaseClass", "{9CAFB26F-7AB0-4F3C-AC2F-3155C1E7B58D}"
EndProject
Project("{2150E333-8FDC-42A3-9474-1A3956D46DE8}") = "Client", "Client", "{7E21E397-BBFD-4295-9791-997447A3FF42}"
EndProject
Project("{FAE04EC0-301F-11D3-BF4B-00C04F79EFBC}") = "Shell", "Shell\Shell.csproj", "{E0EA9534-1BCA-4B31-BD34-49AA9886AEF1}"
EndProject
Global
	GlobalSection(SolutionConfigurationPlatforms) = preSolution
		Debug|Any CPU = Debug|Any CPU
		Release|Any CPU = Release|Any CPU
	EndGlobalSection
	GlobalSection(ProjectConfigurationPlatforms) = postSolution
		{E8F48975-79D1-450A-8C90-16A8EBE80DB2}.Debug|Any CPU.ActiveCfg = Debug|Any CPU
		{E8F48975-79D1-450A-8C90-16A8EBE80DB2}.Debug|Any CPU.Build.0 = Debug|Any CPU
		{E8F48975-79D1-450A-8C90-16A8EBE80DB2}.Release|Any CPU.ActiveCfg = Release|Any CPU
		{E8F48975-79D1-450A-8C90-16A8EBE80DB2}.Release|Any CPU.Build.0 = Release|Any CPU
		{E0EA9534-1BCA-4B31-BD34-49AA9886AEF1}.Debug|Any CPU.ActiveCfg = Debug|Any CPU
		{E0EA9534-1BCA-4B31-BD34-49AA9886AEF1}.Debug|Any CPU.Build.0 = Debug|Any CPU
		{E0EA9534-1BCA-4B31-BD34-49AA9886AEF1}.Release|Any CPU.ActiveCfg = Release|Any CPU
		{E0EA9534-1BCA-4B31-BD34-49AA9886AEF1}.Release|Any CPU.Build.0 = Release|Any CPU
	EndGlobalSection
	GlobalSection(SolutionProperties) = preSolution
		HideSolutionNode = FALSE
	EndGlobalSection
	GlobalSection(NestedProjects) = preSolution
		{E8F48975-79D1-450A-8C90-16A8EBE80DB2} = {9CAFB26F-7AB0-4F3C-AC2F-3155C1E7B58D}
		{E0EA9534-1BCA-4B31-BD34-49AA9886AEF1} = {7E21E397-BBFD-4295-9791-997447A3FF42}
	EndGlobalSection
	GlobalSection(ExtensibilityGlobals) = postSolution
		SolutionGuid = {99FC91B9-CCFC-4D4C-AB84-D60FD34E08E3}
	EndGlobalSection
EndGlobal
