
Microsoft Visual Studio Solution File, Format Version 12.00
# Visual Studio 15
VisualStudioVersion = 15.0.27428.2015
MinimumVisualStudioVersion = 10.0.40219.1
Project("{FAE04EC0-301F-11D3-BF4B-00C04F79EFBC}") = "PublicBaseClassProj", "PublicBaseClass\PublicBaseClassProj.csproj", "{C38B5A4B-D0DC-408D-A7B5-EED24B947C32}"
EndProject
Project("{2150E333-8FDC-42A3-9474-1A3956D46DE8}") = "PublicBaseClass", "PublicBaseClass", "{E36511BF-44D9-4E03-854A-4D537D4BF30B}"
EndProject
Project("{2150E333-8FDC-42A3-9474-1A3956D46DE8}") = "Client", "Client", "{91E53BCC-A393-4120-9E36-08F6CD4E1D51}"
EndProject
Project("{2150E333-8FDC-42A3-9474-1A3956D46DE8}") = "AllInterface", "AllInterface", "{8B60F5F2-8D44-4DA7-99F0-74F0B46D8E2C}"
EndProject
Project("{2150E333-8FDC-42A3-9474-1A3956D46DE8}") = "PublicInterface", "PublicInterface", "{7B03BDFA-0ABC-4C5A-8FA0-6D255A43FC2A}"
EndProject
Project("{2150E333-8FDC-42A3-9474-1A3956D46DE8}") = "Server", "Server", "{2B967AE2-CF69-43C9-8EEB-D0B4611CACB4}"
EndProject
Global
	GlobalSection(SolutionConfigurationPlatforms) = preSolution
		Debug|Any CPU = Debug|Any CPU
		Release|Any CPU = Release|Any CPU
	EndGlobalSection
	GlobalSection(ProjectConfigurationPlatforms) = postSolution
		{C38B5A4B-D0DC-408D-A7B5-EED24B947C32}.Debug|Any CPU.ActiveCfg = Debug|Any CPU
		{C38B5A4B-D0DC-408D-A7B5-EED24B947C32}.Debug|Any CPU.Build.0 = Debug|Any CPU
		{C38B5A4B-D0DC-408D-A7B5-EED24B947C32}.Release|Any CPU.ActiveCfg = Release|Any CPU
		{C38B5A4B-D0DC-408D-A7B5-EED24B947C32}.Release|Any CPU.Build.0 = Release|Any CPU
	EndGlobalSection
	GlobalSection(SolutionProperties) = preSolution
		HideSolutionNode = FALSE
	EndGlobalSection
	GlobalSection(NestedProjects) = preSolution
		{C38B5A4B-D0DC-408D-A7B5-EED24B947C32} = {E36511BF-44D9-4E03-854A-4D537D4BF30B}
		{7B03BDFA-0ABC-4C5A-8FA0-6D255A43FC2A} = {8B60F5F2-8D44-4DA7-99F0-74F0B46D8E2C}
	EndGlobalSection
	GlobalSection(ExtensibilityGlobals) = postSolution
		SolutionGuid = {E1B70E48-750D-47B5-A198-EA038F4A8AC5}
	EndGlobalSection
EndGlobal
